<?xml version="1.0" encoding="utf-8"?>
<Project ToolsVersion="4.0" xmlns="http://schemas.microsoft.com/developer/msbuild/2003">
  <ItemGroup>
    <None Include="..\..\quake2\baseq2\version.ver" />
    <None Include="..\..\todo.txt" />
    <None Include="..\..\source\Platform\windows\game.def">
      <Filter>Platform</Filter>
    </None>
  </ItemGroup>
  <ItemGroup>
    <ClInclude Include="..\..\include\Local.h" />
    <ClInclude Include="..\..\include\Options.h" />
    <ClInclude Include="..\..\shared\ColorVec.h">
      <Filter>Shared</Filter>
    </ClInclude>
    <ClInclude Include="..\..\shared\MathLib.h">
      <Filter>Shared</Filter>
    </ClInclude>
    <ClInclude Include="..\..\shared\Platform.h">
      <Filter>Shared</Filter>
    </ClInclude>
    <ClInclude Include="..\..\shared\Shared.h">
      <Filter>Shared</Filter>
    </ClInclude>
    <ClInclude Include="..\..\shared\Vector.h">
      <Filter>Shared</Filter>
    </ClInclude>
    <ClInclude Include="..\..\shared\Templates\Templates.h">
      <Filter>Shared\Templates</Filter>
    </ClInclude>
    <ClInclude Include="..\..\shared\Templates\TTypes.h">
      <Filter>Shared\Templates</Filter>
    </ClInclude>
    <ClInclude Include="..\..\include\Player\Arg.h">
      <Filter>Player</Filter>
    </ClInclude>
    <ClInclude Include="..\..\include\Player\Ban.h">
      <Filter>Player</Filter>
    </ClInclude>
    <ClInclude Include="..\..\include\Player\BodyQueue.h">
      <Filter>Player</Filter>
    </ClInclude>
    <ClInclude Include="..\..\include\Player\Commands.h">
      <Filter>Player</Filter>
    </ClInclude>
    <ClInclude Include="..\..\include\Player\GameCommands.h">
      <Filter>Player</Filter>
    </ClInclude>
    <ClInclude Include="..\..\include\Player\Player.h">
      <Filter>Player</Filter>
    </ClInclude>
    <ClInclude Include="..\..\include\Player\PlayerMove.h">
      <Filter>Player</Filter>
    </ClInclude>
    <ClInclude Include="..\..\include\Player\PlayerTrail.h">
      <Filter>Player</Filter>
    </ClInclude>
    <ClInclude Include="..\..\include\Player\Print.h">
      <Filter>Player</Filter>
    </ClInclude>
    <ClInclude Include="..\..\include\Player\ServerCommands.h">
      <Filter>Player</Filter>
    </ClInclude>
    <ClInclude Include="..\..\include\Player\Statusbar.h">
      <Filter>Player</Filter>
    </ClInclude>
    <ClInclude Include="..\..\include\Player\Userinfo.h">
      <Filter>Player</Filter>
    </ClInclude>
    <ClInclude Include="..\..\include\Utility\Colors.h">
      <Filter>Utility</Filter>
    </ClInclude>
    <ClInclude Include="..\..\include\Utility\Conchars.h">
      <Filter>Utility</Filter>
    </ClInclude>
    <ClInclude Include="..\..\include\Utility\Cvar.h">
      <Filter>Utility</Filter>
    </ClInclude>
    <ClInclude Include="..\..\include\Utility\DmFlags.h">
      <Filter>Utility</Filter>
    </ClInclude>
    <ClInclude Include="..\..\include\Utility\Enum.h">
      <Filter>Utility</Filter>
    </ClInclude>
    <ClInclude Include="..\..\include\Utility\ExceptionHandler.h">
      <Filter>Utility</Filter>
    </ClInclude>
    <ClInclude Include="..\..\include\Utility\FileSystem.h">
      <Filter>Utility</Filter>
    </ClInclude>
    <ClInclude Include="..\..\include\Utility\Hash.h">
      <Filter>Utility</Filter>
    </ClInclude>
    <ClInclude Include="..\..\include\Utility\Indexing.h">
      <Filter>Utility</Filter>
    </ClInclude>
    <ClInclude Include="..\..\include\Utility\IRC.h">
      <Filter>Utility</Filter>
    </ClInclude>
    <ClInclude Include="..\..\include\Utility\MapPrint.h">
      <Filter>Utility</Filter>
    </ClInclude>
    <ClInclude Include="..\..\include\Utility\Media.h">
      <Filter>Utility</Filter>
    </ClInclude>
    <ClInclude Include="..\..\include\Utility\Memory.h">
      <Filter>Utility</Filter>
    </ClInclude>
    <ClInclude Include="..\..\include\Utility\Parse.h">
      <Filter>Utility</Filter>
    </ClInclude>
    <ClInclude Include="..\..\include\Utility\Sound.h">
      <Filter>Utility</Filter>
    </ClInclude>
    <ClInclude Include="..\..\include\Utility\STL.h">
      <Filter>Utility</Filter>
    </ClInclude>
    <ClInclude Include="..\..\include\Utility\TemporaryEntities.h">
      <Filter>Utility</Filter>
    </ClInclude>
    <ClInclude Include="..\..\include\Utility\Timer.h">
      <Filter>Utility</Filter>
    </ClInclude>
    <ClInclude Include="..\..\include\Utility\Trace.h">
      <Filter>Utility</Filter>
    </ClInclude>
    <ClInclude Include="..\..\include\Utility\Utilities.h">
      <Filter>Utility</Filter>
    </ClInclude>
    <ClInclude Include="..\..\include\Utility\Version.h">
      <Filter>Utility</Filter>
    </ClInclude>
    <ClInclude Include="..\..\include\Utility\Write.h">
      <Filter>Utility</Filter>
    </ClInclude>
    <ClInclude Include="..\..\include\CTF\Ctf.h">
      <Filter>Addons\CTF</Filter>
    </ClInclude>
    <ClInclude Include="..\..\include\CTF\CtfItemEntities.h">
      <Filter>Addons\CTF</Filter>
    </ClInclude>
    <ClInclude Include="..\..\include\CTF\CtfItems.h">
      <Filter>Addons\CTF</Filter>
    </ClInclude>
    <ClInclude Include="..\..\include\CTF\CtfWeaponGrapple.h">
      <Filter>Addons\CTF</Filter>
    </ClInclude>
    <ClInclude Include="..\..\include\Rogue\RogueBlackWidow.h">
      <Filter>Addons\Rogue</Filter>
    </ClInclude>
    <ClInclude Include="..\..\include\Rogue\RogueCarrier.h">
      <Filter>Addons\Rogue</Filter>
    </ClInclude>
    <ClInclude Include="..\..\include\Rogue\RogueChainfist.h">
      <Filter>Addons\Rogue</Filter>
    </ClInclude>
    <ClInclude Include="..\..\include\Rogue\RogueDaedalus.h">
      <Filter>Addons\Rogue</Filter>
    </ClInclude>
    <ClInclude Include="..\..\include\Rogue\RogueDisruptor.h">
      <Filter>Addons\Rogue</Filter>
    </ClInclude>
    <ClInclude Include="..\..\include\Rogue\RogueEtfRifle.h">
      <Filter>Addons\Rogue</Filter>
    </ClInclude>
    <ClInclude Include="..\..\include\Rogue\RogueFlyerKamikaze.h">
      <Filter>Addons\Rogue</Filter>
    </ClInclude>
    <ClInclude Include="..\..\include\Rogue\RogueHeatbeam.h">
      <Filter>Addons\Rogue</Filter>
    </ClInclude>
    <ClInclude Include="..\..\include\Rogue\RogueItems.h">
      <Filter>Addons\Rogue</Filter>
    </ClInclude>
    <ClInclude Include="..\..\include\Rogue\RogueMedicCommander.h">
      <Filter>Addons\Rogue</Filter>
    </ClInclude>
    <ClInclude Include="..\..\include\Rogue\RogueMiscEntities.h">
      <Filter>Addons\Rogue</Filter>
    </ClInclude>
    <ClInclude Include="..\..\include\Rogue\RogueMonsterSpawning.h">
      <Filter>Addons\Rogue</Filter>
    </ClInclude>
    <ClInclude Include="..\..\include\Rogue\RogueProxLauncher.h">
      <Filter>Addons\Rogue</Filter>
    </ClInclude>
    <ClInclude Include="..\..\include\Rogue\RogueSpheres.h">
      <Filter>Addons\Rogue</Filter>
    </ClInclude>
    <ClInclude Include="..\..\include\Rogue\RogueStalker.h">
      <Filter>Addons\Rogue</Filter>
    </ClInclude>
    <ClInclude Include="..\..\include\Rogue\RogueTargetEntities.h">
      <Filter>Addons\Rogue</Filter>
    </ClInclude>
    <ClInclude Include="..\..\include\Rogue\RogueTesla.h">
      <Filter>Addons\Rogue</Filter>
    </ClInclude>
    <ClInclude Include="..\..\include\Rogue\RogueWallTurret.h">
      <Filter>Addons\Rogue</Filter>
    </ClInclude>
    <ClInclude Include="..\..\include\Rogue\RogueWeaponry.h">
      <Filter>Addons\Rogue</Filter>
    </ClInclude>
    <ClInclude Include="..\..\include\Rogue\RogueWidowStand.h">
      <Filter>Addons\Rogue</Filter>
    </ClInclude>
    <ClInclude Include="..\..\include\Xatrix\XatrixChickHeat.h">
      <Filter>Addons\Xatrix</Filter>
    </ClInclude>
    <ClInclude Include="..\..\include\Xatrix\XatrixFixbot.h">
      <Filter>Addons\Xatrix</Filter>
    </ClInclude>
    <ClInclude Include="..\..\include\Xatrix\XatrixGekk.h">
      <Filter>Addons\Xatrix</Filter>
    </ClInclude>
    <ClInclude Include="..\..\include\Xatrix\XatrixGladiatorPhalanx.h">
      <Filter>Addons\Xatrix</Filter>
    </ClInclude>
    <ClInclude Include="..\..\include\Xatrix\XatrixItems.h">
      <Filter>Addons\Xatrix</Filter>
    </ClInclude>
    <ClInclude Include="..\..\include\Xatrix\XatrixPhalanx.h">
      <Filter>Addons\Xatrix</Filter>
    </ClInclude>
    <ClInclude Include="..\..\include\Xatrix\XatrixSoldierHyper.h">
      <Filter>Addons\Xatrix</Filter>
    </ClInclude>
    <ClInclude Include="..\..\include\Xatrix\XatrixSoldierLaser.h">
      <Filter>Addons\Xatrix</Filter>
    </ClInclude>
    <ClInclude Include="..\..\include\Xatrix\XatrixSoldierRipper.h">
      <Filter>Addons\Xatrix</Filter>
    </ClInclude>
    <ClInclude Include="..\..\include\Xatrix\XatrixSupertankBoss5.h">
      <Filter>Addons\Xatrix</Filter>
    </ClInclude>
    <ClInclude Include="..\..\include\Xatrix\XatrixTrap.h">
      <Filter>Addons\Xatrix</Filter>
    </ClInclude>
    <ClInclude Include="..\..\include\Xatrix\XatrixIonRipper.h">
      <Filter>Addons\Xatrix</Filter>
    </ClInclude>
    <ClInclude Include="..\..\include\Entities\BaseEntity.h">
      <Filter>Entities</Filter>
    </ClInclude>
    <ClInclude Include="..\..\include\Entities\BrushModels.h">
      <Filter>Entities</Filter>
    </ClInclude>
    <ClInclude Include="..\..\include\Entities\EntityList.h">
      <Filter>Entities</Filter>
    </ClInclude>
    <ClInclude Include="..\..\include\Entities\EntityPointer.h">
      <Filter>Entities</Filter>
    </ClInclude>
    <ClInclude Include="..\..\include\Entities\EntityTypes.h">
      <Filter>Entities</Filter>
    </ClInclude>
    <ClInclude Include="..\..\include\Entities\FuncEntities.h">
      <Filter>Entities</Filter>
    </ClInclude>
    <ClInclude Include="..\..\include\Entities\InfoEntities.h">
      <Filter>Entities</Filter>
    </ClInclude>
    <ClInclude Include="..\..\include\Entities\ItemEntity.h">
      <Filter>Entities</Filter>
    </ClInclude>
    <ClInclude Include="..\..\include\Entities\JunkEntity.h">
      <Filter>Entities</Filter>
    </ClInclude>
    <ClInclude Include="..\..\include\Entities\MiscEntities.h">
      <Filter>Entities</Filter>
    </ClInclude>
    <ClInclude Include="..\..\include\Entities\TargetEntities.h">
      <Filter>Entities</Filter>
    </ClInclude>
    <ClInclude Include="..\..\include\Entities\TriggerEntities.h">
      <Filter>Entities</Filter>
    </ClInclude>
    <ClInclude Include="..\..\include\Entities\WeaponEntities.h">
      <Filter>Entities</Filter>
    </ClInclude>
    <ClInclude Include="..\..\include\Game\Game.h">
      <Filter>Game</Filter>
    </ClInclude>
    <ClInclude Include="..\..\include\Game\GameApi.h">
      <Filter>Game</Filter>
    </ClInclude>
    <ClInclude Include="..\..\include\Items\Armor.h">
      <Filter>Items</Filter>
    </ClInclude>
    <ClInclude Include="..\..\include\Items\Health.h">
      <Filter>Items</Filter>
    </ClInclude>
    <ClInclude Include="..\..\include\Items\Inventory.h">
      <Filter>Items</Filter>
    </ClInclude>
    <ClInclude Include="..\..\include\Items\Itemlist.h">
      <Filter>Items</Filter>
    </ClInclude>
    <ClInclude Include="..\..\include\Items\Items.h">
      <Filter>Items</Filter>
    </ClInclude>
    <ClInclude Include="..\..\include\Items\Keys.h">
      <Filter>Items</Filter>
    </ClInclude>
    <ClInclude Include="..\..\include\Items\Powerups.h">
      <Filter>Items</Filter>
    </ClInclude>
    <ClInclude Include="..\..\include\Items\Techs.h">
      <Filter>Items</Filter>
    </ClInclude>
    <ClInclude Include="..\..\include\Items\Weapons.h">
      <Filter>Items</Filter>
    </ClInclude>
    <ClInclude Include="..\..\include\Menu\Controls.h">
      <Filter>Menu</Filter>
    </ClInclude>
    <ClInclude Include="..\..\include\Menu\Menu.h">
      <Filter>Menu</Filter>
    </ClInclude>
    <ClInclude Include="..\..\include\Monsters\Barracuda.h">
      <Filter>Monsters</Filter>
    </ClInclude>
    <ClInclude Include="..\..\include\Monsters\Berserk.h">
      <Filter>Monsters</Filter>
    </ClInclude>
    <ClInclude Include="..\..\include\Monsters\Bitch.h">
      <Filter>Monsters</Filter>
    </ClInclude>
    <ClInclude Include="..\..\include\Monsters\Boss2.h">
      <Filter>Monsters</Filter>
    </ClInclude>
    <ClInclude Include="..\..\include\Monsters\Brain.h">
      <Filter>Monsters</Filter>
    </ClInclude>
    <ClInclude Include="..\..\include\Monsters\Floater.h">
      <Filter>Monsters</Filter>
    </ClInclude>
    <ClInclude Include="..\..\include\Monsters\Flyer.h">
      <Filter>Monsters</Filter>
    </ClInclude>
    <ClInclude Include="..\..\include\Monsters\Gladiator.h">
      <Filter>Monsters</Filter>
    </ClInclude>
    <ClInclude Include="..\..\include\Monsters\Gunner.h">
      <Filter>Monsters</Filter>
    </ClInclude>
    <ClInclude Include="..\..\include\Monsters\Icarus.h">
      <Filter>Monsters</Filter>
    </ClInclude>
    <ClInclude Include="..\..\include\Monsters\Infantry.h">
      <Filter>Monsters</Filter>
    </ClInclude>
    <ClInclude Include="..\..\include\Monsters\Insane.h">
      <Filter>Monsters</Filter>
    </ClInclude>
    <ClInclude Include="..\..\include\Monsters\JORG.h">
      <Filter>Monsters</Filter>
    </ClInclude>
    <ClInclude Include="..\..\include\Monsters\m_tank.h">
      <Filter>Monsters</Filter>
    </ClInclude>
    <ClInclude Include="..\..\include\Monsters\Makron.h">
      <Filter>Monsters</Filter>
    </ClInclude>
    <ClInclude Include="..\..\include\Monsters\Medic.h">
      <Filter>Monsters</Filter>
    </ClInclude>
    <ClInclude Include="..\..\include\Monsters\Monsters.h">
      <Filter>Monsters</Filter>
    </ClInclude>
    <ClInclude Include="..\..\include\Monsters\Mutant.h">
      <Filter>Monsters</Filter>
    </ClInclude>
    <ClInclude Include="..\..\include\Monsters\Parasite.h">
      <Filter>Monsters</Filter>
    </ClInclude>
    <ClInclude Include="..\..\include\Monsters\SoldierBase.h">
      <Filter>Monsters</Filter>
    </ClInclude>
    <ClInclude Include="..\..\include\Monsters\SoldierLight.h">
      <Filter>Monsters</Filter>
    </ClInclude>
    <ClInclude Include="..\..\include\Monsters\SoldierMachinegun.h">
      <Filter>Monsters</Filter>
    </ClInclude>
    <ClInclude Include="..\..\include\Monsters\SoldierShotgun.h">
      <Filter>Monsters</Filter>
    </ClInclude>
    <ClInclude Include="..\..\include\Monsters\Supertank.h">
      <Filter>Monsters</Filter>
    </ClInclude>
    <ClInclude Include="..\..\include\Monsters\Tank.h">
      <Filter>Monsters</Filter>
    </ClInclude>
    <ClInclude Include="..\..\include\Monsters\TurretEntities.h">
      <Filter>Monsters</Filter>
    </ClInclude>
    <ClInclude Include="..\..\include\Platform\Platform.h">
      <Filter>Platform</Filter>
    </ClInclude>
    <ClInclude Include="..\..\include\Game\Save.h">
      <Filter>Game</Filter>
    </ClInclude>
    <ClInclude Include="..\..\include\Weapons\Bfg.h">
      <Filter>Weapons</Filter>
    </ClInclude>
    <ClInclude Include="..\..\include\Weapons\Blaster.h">
      <Filter>Weapons</Filter>
    </ClInclude>
    <ClInclude Include="..\..\include\Weapons\Chaingun.h">
      <Filter>Weapons</Filter>
    </ClInclude>
    <ClInclude Include="..\..\include\Weapons\DebugWeapons.h">
      <Filter>Weapons</Filter>
    </ClInclude>
    <ClInclude Include="..\..\include\Weapons\GrenadeLauncher.h">
      <Filter>Weapons</Filter>
    </ClInclude>
    <ClInclude Include="..\..\include\Weapons\Handgrenade.h">
      <Filter>Weapons</Filter>
    </ClInclude>
    <ClInclude Include="..\..\include\Weapons\Hyperblaster.h">
      <Filter>Weapons</Filter>
    </ClInclude>
    <ClInclude Include="..\..\include\Weapons\Machinegun.h">
      <Filter>Weapons</Filter>
    </ClInclude>
    <ClInclude Include="..\..\include\Weapons\Railgun.h">
      <Filter>Weapons</Filter>
    </ClInclude>
    <ClInclude Include="..\..\include\Weapons\RocketLauncher.h">
      <Filter>Weapons</Filter>
    </ClInclude>
    <ClInclude Include="..\..\include\Weapons\Shotgun.h">
      <Filter>Weapons</Filter>
    </ClInclude>
    <ClInclude Include="..\..\include\Weapons\SuperShotgun.h">
      <Filter>Weapons</Filter>
    </ClInclude>
    <ClInclude Include="..\..\include\Weapons\WeaponMain.h">
      <Filter>Weapons</Filter>
    </ClInclude>
    <ClInclude Include="..\..\include\Modules\Modules.h">
      <Filter>Modules</Filter>
    </ClInclude>
  </ItemGroup>
  <ItemGroup>
    <Filter Include="Shared">
      <UniqueIdentifier>{d15b3a7b-f589-4aae-b6a1-9cb6153bcd41}</UniqueIdentifier>
    </Filter>
    <Filter Include="Player">
      <UniqueIdentifier>{52ebc23b-2a60-4e99-8a62-956b0321ffdf}</UniqueIdentifier>
    </Filter>
    <Filter Include="Addons">
      <UniqueIdentifier>{fe63c4c3-363c-4a39-8a73-fc9da2b088e9}</UniqueIdentifier>
    </Filter>
    <Filter Include="Addons\CTF">
      <UniqueIdentifier>{a193b851-a72b-4804-9fe0-3ee927d38213}</UniqueIdentifier>
    </Filter>
    <Filter Include="Addons\Rogue">
      <UniqueIdentifier>{6611204f-2c70-431b-bc95-0c5664bc0072}</UniqueIdentifier>
    </Filter>
    <Filter Include="Addons\Xatrix">
      <UniqueIdentifier>{2ec5db6d-2ded-48d1-84d5-8f055489ae69}</UniqueIdentifier>
    </Filter>
    <Filter Include="Entities">
      <UniqueIdentifier>{70890c4a-a639-46f2-b1f9-0c3f0ed5b987}</UniqueIdentifier>
    </Filter>
    <Filter Include="Game">
      <UniqueIdentifier>{64dd0545-6b2c-4bc8-ae2b-3744d05b46d6}</UniqueIdentifier>
    </Filter>
    <Filter Include="Items">
      <UniqueIdentifier>{d4840f36-f49c-412f-b439-caa721dfd6d6}</UniqueIdentifier>
    </Filter>
    <Filter Include="Menu">
      <UniqueIdentifier>{75f411cb-c17b-4e5c-8c13-093e7521027d}</UniqueIdentifier>
    </Filter>
    <Filter Include="Monsters">
      <UniqueIdentifier>{30ebf28b-e849-40ad-ba98-0fac8aadf1b2}</UniqueIdentifier>
    </Filter>
    <Filter Include="Platform">
      <UniqueIdentifier>{975676cb-d41b-4ded-bb89-10743ea230d2}</UniqueIdentifier>
    </Filter>
    <Filter Include="Utility">
      <UniqueIdentifier>{0439780b-b34a-4102-a70d-b6aae494e52e}</UniqueIdentifier>
    </Filter>
    <Filter Include="Shared\Templates">
      <UniqueIdentifier>{124e9fff-fdf8-4430-a061-fcafaaac5963}</UniqueIdentifier>
    </Filter>
    <Filter Include="Weapons">
      <UniqueIdentifier>{57b3f82c-d5da-4c4c-9b10-db14c1bd9c80}</UniqueIdentifier>
    </Filter>
    <Filter Include="Modules">
      <UniqueIdentifier>{7315a069-8590-4676-bf9c-6d98efd07fec}</UniqueIdentifier>
    </Filter>
  </ItemGroup>
  <ItemGroup>
    <ClCompile Include="..\..\shared\MathLib.cpp">
      <Filter>Shared</Filter>
    </ClCompile>
    <ClCompile Include="..\..\shared\Random.cpp">
      <Filter>Shared</Filter>
    </ClCompile>
    <ClCompile Include="..\..\shared\String.cpp">
      <Filter>Shared</Filter>
    </ClCompile>
    <ClCompile Include="..\..\source\Player\Arg.cpp">
      <Filter>Player</Filter>
    </ClCompile>
    <ClCompile Include="..\..\source\Player\Ban.cpp">
      <Filter>Player</Filter>
    </ClCompile>
    <ClCompile Include="..\..\source\Player\BodyQueue.cpp">
      <Filter>Player</Filter>
    </ClCompile>
    <ClCompile Include="..\..\source\Player\Commands.cpp">
      <Filter>Player</Filter>
    </ClCompile>
    <ClCompile Include="..\..\source\Player\GameCommands.cpp">
      <Filter>Player</Filter>
    </ClCompile>
    <ClCompile Include="..\..\source\Player\Player.cpp">
      <Filter>Player</Filter>
    </ClCompile>
    <ClCompile Include="..\..\source\Player\PlayerMove.cpp">
      <Filter>Player</Filter>
    </ClCompile>
    <ClCompile Include="..\..\source\Player\PlayerTrail.cpp">
      <Filter>Player</Filter>
    </ClCompile>
    <ClCompile Include="..\..\source\Player\Print.cpp">
      <Filter>Player</Filter>
    </ClCompile>
    <ClCompile Include="..\..\source\Player\ServerCommands.cpp">
      <Filter>Player</Filter>
    </ClCompile>
    <ClCompile Include="..\..\source\Player\Statusbar.cpp">
      <Filter>Player</Filter>
    </ClCompile>
    <ClCompile Include="..\..\source\Player\Userinfo.cpp">
      <Filter>Player</Filter>
    </ClCompile>
    <ClCompile Include="..\..\source\Utility\Colors.cpp">
      <Filter>Utility</Filter>
    </ClCompile>
    <ClCompile Include="..\..\source\Utility\Cvar.cpp">
      <Filter>Utility</Filter>
    </ClCompile>
    <ClCompile Include="..\..\source\Utility\DmFlags.cpp">
      <Filter>Utility</Filter>
    </ClCompile>
    <ClCompile Include="..\..\source\Utility\ExceptionHandler.cpp">
      <Filter>Utility</Filter>
    </ClCompile>
    <ClCompile Include="..\..\source\Utility\FileSystem.cpp">
      <Filter>Utility</Filter>
    </ClCompile>
    <ClCompile Include="..\..\source\Utility\Frontend.cpp">
      <Filter>Utility</Filter>
    </ClCompile>
    <ClCompile Include="..\..\source\Utility\Hash.cpp">
      <Filter>Utility</Filter>
    </ClCompile>
    <ClCompile Include="..\..\source\Utility\Indexing.cpp">
      <Filter>Utility</Filter>
    </ClCompile>
    <ClCompile Include="..\..\source\Utility\IRC.cpp">
      <Filter>Utility</Filter>
    </ClCompile>
    <ClCompile Include="..\..\source\Utility\MapPrint.cpp">
      <Filter>Utility</Filter>
    </ClCompile>
    <ClCompile Include="..\..\source\Utility\Media.cpp">
      <Filter>Utility</Filter>
    </ClCompile>
    <ClCompile Include="..\..\source\Utility\Memory.cpp">
      <Filter>Utility</Filter>
    </ClCompile>
    <ClCompile Include="..\..\source\Utility\Sound.cpp">
      <Filter>Utility</Filter>
    </ClCompile>
    <ClCompile Include="..\..\source\Utility\TemporaryEntities.cpp">
      <Filter>Utility</Filter>
    </ClCompile>
    <ClCompile Include="..\..\source\Utility\Timer.cpp">
      <Filter>Utility</Filter>
    </ClCompile>
    <ClCompile Include="..\..\source\Utility\Trace.cpp">
      <Filter>Utility</Filter>
    </ClCompile>
    <ClCompile Include="..\..\source\Utility\Utilities.cpp">
      <Filter>Utility</Filter>
    </ClCompile>
    <ClCompile Include="..\..\source\Utility\Version.cpp">
      <Filter>Utility</Filter>
    </ClCompile>
    <ClCompile Include="..\..\source\Utility\Write.cpp">
      <Filter>Utility</Filter>
    </ClCompile>
    <ClCompile Include="..\..\source\CTF\Ctf.cpp">
      <Filter>Addons\CTF</Filter>
    </ClCompile>
    <ClCompile Include="..\..\source\CTF\CtfAdmin.cpp">
      <Filter>Addons\CTF</Filter>
    </ClCompile>
    <ClCompile Include="..\..\source\CTF\CtfGrapple.cpp">
      <Filter>Addons\CTF</Filter>
    </ClCompile>
    <ClCompile Include="..\..\source\CTF\CtfItemEntities.cpp">
      <Filter>Addons\CTF</Filter>
    </ClCompile>
    <ClCompile Include="..\..\source\CTF\CtfItems.cpp">
      <Filter>Addons\CTF</Filter>
    </ClCompile>
    <ClCompile Include="..\..\source\CTF\CtfMenu.cpp">
      <Filter>Addons\CTF</Filter>
    </ClCompile>
    <ClCompile Include="..\..\source\Rogue\RogueBlackWidow.cpp">
      <Filter>Addons\Rogue</Filter>
    </ClCompile>
    <ClCompile Include="..\..\source\Rogue\RogueCarrier.cpp">
      <Filter>Addons\Rogue</Filter>
    </ClCompile>
    <ClCompile Include="..\..\source\Rogue\RogueChainfist.cpp">
      <Filter>Addons\Rogue</Filter>
    </ClCompile>
    <ClCompile Include="..\..\source\Rogue\RogueDaedalus.cpp">
      <Filter>Addons\Rogue</Filter>
    </ClCompile>
    <ClCompile Include="..\..\source\Rogue\RogueDisruptor.cpp">
      <Filter>Addons\Rogue</Filter>
    </ClCompile>
    <ClCompile Include="..\..\source\Rogue\RogueEtfRifle.cpp">
      <Filter>Addons\Rogue</Filter>
    </ClCompile>
    <ClCompile Include="..\..\source\Rogue\RogueFlyerKamikaze.cpp">
      <Filter>Addons\Rogue</Filter>
    </ClCompile>
    <ClCompile Include="..\..\source\Rogue\RogueHeatbeam.cpp">
      <Filter>Addons\Rogue</Filter>
    </ClCompile>
    <ClCompile Include="..\..\source\Rogue\RogueItems.cpp">
      <Filter>Addons\Rogue</Filter>
    </ClCompile>
    <ClCompile Include="..\..\source\Rogue\RogueMedicCommander.cpp">
      <Filter>Addons\Rogue</Filter>
    </ClCompile>
    <ClCompile Include="..\..\source\Rogue\RogueMiscEntities.cpp">
      <Filter>Addons\Rogue</Filter>
    </ClCompile>
    <ClCompile Include="..\..\source\Rogue\RogueMonsterAI.cpp">
      <Filter>Addons\Rogue</Filter>
    </ClCompile>
    <ClCompile Include="..\..\source\Rogue\RogueMonsterSpawning.cpp">
      <Filter>Addons\Rogue</Filter>
    </ClCompile>
    <ClCompile Include="..\..\source\Rogue\RogueProxLauncher.cpp">
      <Filter>Addons\Rogue</Filter>
    </ClCompile>
    <ClCompile Include="..\..\source\Rogue\RogueSpheres.cpp">
      <Filter>Addons\Rogue</Filter>
    </ClCompile>
    <ClCompile Include="..\..\source\Rogue\RogueStalker.cpp">
      <Filter>Addons\Rogue</Filter>
    </ClCompile>
    <ClCompile Include="..\..\source\Rogue\RogueTargetEntities.cpp">
      <Filter>Addons\Rogue</Filter>
    </ClCompile>
    <ClCompile Include="..\..\source\Rogue\RogueTesla.cpp">
      <Filter>Addons\Rogue</Filter>
    </ClCompile>
    <ClCompile Include="..\..\source\Rogue\RogueWallTurret.cpp">
      <Filter>Addons\Rogue</Filter>
    </ClCompile>
    <ClCompile Include="..\..\source\Rogue\RogueWeaponry.cpp">
      <Filter>Addons\Rogue</Filter>
    </ClCompile>
    <ClCompile Include="..\..\source\Rogue\RogueWidowStand.cpp">
      <Filter>Addons\Rogue</Filter>
    </ClCompile>
    <ClCompile Include="..\..\source\Xatrix\XatrixChickHeat.cpp">
      <Filter>Addons\Xatrix</Filter>
    </ClCompile>
    <ClCompile Include="..\..\source\Xatrix\XatrixEntities.cpp">
      <Filter>Addons\Xatrix</Filter>
    </ClCompile>
    <ClCompile Include="..\..\source\Xatrix\XatrixFixbot.cpp">
      <Filter>Addons\Xatrix</Filter>
    </ClCompile>
    <ClCompile Include="..\..\source\Xatrix\XatrixGekk.cpp">
      <Filter>Addons\Xatrix</Filter>
    </ClCompile>
    <ClCompile Include="..\..\source\Xatrix\XatrixGladiatorPhalanx.cpp">
      <Filter>Addons\Xatrix</Filter>
    </ClCompile>
    <ClCompile Include="..\..\source\Xatrix\XatrixIonRipper.cpp">
      <Filter>Addons\Xatrix</Filter>
    </ClCompile>
    <ClCompile Include="..\..\source\Xatrix\XatrixItems.cpp">
      <Filter>Addons\Xatrix</Filter>
    </ClCompile>
    <ClCompile Include="..\..\source\Xatrix\XatrixPhalanx.cpp">
      <Filter>Addons\Xatrix</Filter>
    </ClCompile>
    <ClCompile Include="..\..\source\Xatrix\XatrixSoldierHyper.cpp">
      <Filter>Addons\Xatrix</Filter>
    </ClCompile>
    <ClCompile Include="..\..\source\Xatrix\XatrixSoldierLaser.cpp">
      <Filter>Addons\Xatrix</Filter>
    </ClCompile>
    <ClCompile Include="..\..\source\Xatrix\XatrixSoldierRipper.cpp">
      <Filter>Addons\Xatrix</Filter>
    </ClCompile>
    <ClCompile Include="..\..\source\Xatrix\XatrixSupertankBoss5.cpp">
      <Filter>Addons\Xatrix</Filter>
    </ClCompile>
    <ClCompile Include="..\..\source\Xatrix\XatrixTrap.cpp">
      <Filter>Addons\Xatrix</Filter>
    </ClCompile>
    <ClCompile Include="..\..\source\Entities\BaseEntity.cpp">
      <Filter>Entities</Filter>
    </ClCompile>
    <ClCompile Include="..\..\source\Entities\BrushModels.cpp">
      <Filter>Entities</Filter>
    </ClCompile>
    <ClCompile Include="..\..\source\Entities\Dummy.cpp">
      <Filter>Entities</Filter>
    </ClCompile>
    <ClCompile Include="..\..\source\Entities\EntityList.cpp">
      <Filter>Entities</Filter>
    </ClCompile>
    <ClCompile Include="..\..\source\Entities\EntityPointer.cpp">
      <Filter>Entities</Filter>
    </ClCompile>
    <ClCompile Include="..\..\source\Entities\EntityTypes.cpp">
      <Filter>Entities</Filter>
    </ClCompile>
    <ClCompile Include="..\..\source\Entities\FuncEntities.cpp">
      <Filter>Entities</Filter>
    </ClCompile>
    <ClCompile Include="..\..\source\Entities\InfoEntities.cpp">
      <Filter>Entities</Filter>
    </ClCompile>
    <ClCompile Include="..\..\source\Entities\ItemEntity.cpp">
      <Filter>Entities</Filter>
    </ClCompile>
    <ClCompile Include="..\..\source\Entities\JunkEntity.cpp">
      <Filter>Entities</Filter>
    </ClCompile>
    <ClCompile Include="..\..\source\Entities\MiscEntities.cpp">
      <Filter>Entities</Filter>
    </ClCompile>
    <ClCompile Include="..\..\source\Entities\TargetEntities.cpp">
      <Filter>Entities</Filter>
    </ClCompile>
    <ClCompile Include="..\..\source\Entities\TriggerEntities.cpp">
      <Filter>Entities</Filter>
    </ClCompile>
    <ClCompile Include="..\..\source\Entities\WeaponEntities.cpp">
      <Filter>Entities</Filter>
    </ClCompile>
    <ClCompile Include="..\..\source\Game\Game.cpp">
      <Filter>Game</Filter>
    </ClCompile>
    <ClCompile Include="..\..\source\Game\GameApi.cpp">
      <Filter>Game</Filter>
    </ClCompile>
    <ClCompile Include="..\..\source\Items\Armor.cpp">
      <Filter>Items</Filter>
    </ClCompile>
    <ClCompile Include="..\..\source\Items\Health.cpp">
      <Filter>Items</Filter>
    </ClCompile>
    <ClCompile Include="..\..\source\Items\Inventory.cpp">
      <Filter>Items</Filter>
    </ClCompile>
    <ClCompile Include="..\..\source\Items\Itemlist.cpp">
      <Filter>Items</Filter>
    </ClCompile>
    <ClCompile Include="..\..\source\Items\Items.cpp">
      <Filter>Items</Filter>
    </ClCompile>
    <ClCompile Include="..\..\source\Items\Keys.cpp">
      <Filter>Items</Filter>
    </ClCompile>
    <ClCompile Include="..\..\source\Items\Powerups.cpp">
      <Filter>Items</Filter>
    </ClCompile>
    <ClCompile Include="..\..\source\Items\Techs.cpp">
      <Filter>Items</Filter>
    </ClCompile>
    <ClCompile Include="..\..\source\Items\Weapons.cpp">
      <Filter>Items</Filter>
    </ClCompile>
    <ClCompile Include="..\..\source\Menu\Controls.cpp">
      <Filter>Menu</Filter>
    </ClCompile>
    <ClCompile Include="..\..\source\Menu\Menu.cpp">
      <Filter>Menu</Filter>
    </ClCompile>
    <ClCompile Include="..\..\source\Monsters\Barracuda.cpp">
      <Filter>Monsters</Filter>
    </ClCompile>
    <ClCompile Include="..\..\source\Monsters\Berserk.cpp">
      <Filter>Monsters</Filter>
    </ClCompile>
    <ClCompile Include="..\..\source\Monsters\Bitch.cpp">
      <Filter>Monsters</Filter>
    </ClCompile>
    <ClCompile Include="..\..\source\Monsters\Boss2.cpp">
      <Filter>Monsters</Filter>
    </ClCompile>
    <ClCompile Include="..\..\source\Monsters\Brain.cpp">
      <Filter>Monsters</Filter>
    </ClCompile>
    <ClCompile Include="..\..\source\Monsters\Floater.cpp">
      <Filter>Monsters</Filter>
    </ClCompile>
    <ClCompile Include="..\..\source\Monsters\Flyer.cpp">
      <Filter>Monsters</Filter>
    </ClCompile>
    <ClCompile Include="..\..\source\Monsters\Gladiator.cpp">
      <Filter>Monsters</Filter>
    </ClCompile>
    <ClCompile Include="..\..\source\Monsters\Gunner.cpp">
      <Filter>Monsters</Filter>
    </ClCompile>
    <ClCompile Include="..\..\source\Monsters\Icarus.cpp">
      <Filter>Monsters</Filter>
    </ClCompile>
    <ClCompile Include="..\..\source\Monsters\Infantry.cpp">
      <Filter>Monsters</Filter>
    </ClCompile>
    <ClCompile Include="..\..\source\Monsters\Insane.cpp">
      <Filter>Monsters</Filter>
    </ClCompile>
    <ClCompile Include="..\..\source\Monsters\JORG.cpp">
      <Filter>Monsters</Filter>
    </ClCompile>
    <ClCompile Include="..\..\source\Monsters\Makron.cpp">
      <Filter>Monsters</Filter>
    </ClCompile>
    <ClCompile Include="..\..\source\Monsters\MakronStand.cpp">
      <Filter>Monsters</Filter>
    </ClCompile>
    <ClCompile Include="..\..\source\Monsters\Medic.cpp">
      <Filter>Monsters</Filter>
    </ClCompile>
    <ClCompile Include="..\..\source\Monsters\MonsterAI.cpp">
      <Filter>Monsters</Filter>
    </ClCompile>
    <ClCompile Include="..\..\source\Monsters\Monsters.cpp">
      <Filter>Monsters</Filter>
    </ClCompile>
    <ClCompile Include="..\..\source\Monsters\Mutant.cpp">
      <Filter>Monsters</Filter>
    </ClCompile>
    <ClCompile Include="..\..\source\Monsters\Parasite.cpp">
      <Filter>Monsters</Filter>
    </ClCompile>
    <ClCompile Include="..\..\source\Monsters\SoldierBase.cpp">
      <Filter>Monsters</Filter>
    </ClCompile>
    <ClCompile Include="..\..\source\Monsters\SoldierLight.cpp">
      <Filter>Monsters</Filter>
    </ClCompile>
    <ClCompile Include="..\..\source\Monsters\SoldierMachinegun.cpp">
      <Filter>Monsters</Filter>
    </ClCompile>
    <ClCompile Include="..\..\source\Monsters\SoldierShotgun.cpp">
      <Filter>Monsters</Filter>
    </ClCompile>
    <ClCompile Include="..\..\source\Monsters\Supertank.cpp">
      <Filter>Monsters</Filter>
    </ClCompile>
    <ClCompile Include="..\..\source\Monsters\Tank.cpp">
      <Filter>Monsters</Filter>
    </ClCompile>
    <ClCompile Include="..\..\source\Monsters\TurretEntities.cpp">
      <Filter>Monsters</Filter>
    </ClCompile>
    <ClCompile Include="..\..\source\Platform\windows\Windows.cpp">
      <Filter>Platform</Filter>
    </ClCompile>
    <ClCompile Include="..\..\source\Game\Save.cpp">
      <Filter>Game</Filter>
    </ClCompile>
    <ClCompile Include="..\..\source\Weapons\Bfg.cpp">
      <Filter>Weapons</Filter>
    </ClCompile>
    <ClCompile Include="..\..\source\Weapons\Blaster.cpp">
      <Filter>Weapons</Filter>
    </ClCompile>
    <ClCompile Include="..\..\source\Weapons\Chaingun.cpp">
      <Filter>Weapons</Filter>
    </ClCompile>
    <ClCompile Include="..\..\source\Weapons\DebugWeapons.cpp">
      <Filter>Weapons</Filter>
    </ClCompile>
    <ClCompile Include="..\..\source\Weapons\GrenadeLauncher.cpp">
      <Filter>Weapons</Filter>
    </ClCompile>
    <ClCompile Include="..\..\source\Weapons\Handgrenade.cpp">
      <Filter>Weapons</Filter>
    </ClCompile>
    <ClCompile Include="..\..\source\Weapons\Hyperblaster.cpp">
      <Filter>Weapons</Filter>
    </ClCompile>
    <ClCompile Include="..\..\source\Weapons\Machinegun.cpp">
      <Filter>Weapons</Filter>
    </ClCompile>
    <ClCompile Include="..\..\source\Weapons\Railgun.cpp">
      <Filter>Weapons</Filter>
    </ClCompile>
    <ClCompile Include="..\..\source\Weapons\RocketLauncher.cpp">
      <Filter>Weapons</Filter>
    </ClCompile>
    <ClCompile Include="..\..\source\Weapons\Shotgun.cpp">
      <Filter>Weapons</Filter>
    </ClCompile>
    <ClCompile Include="..\..\source\Weapons\SuperShotgun.cpp">
      <Filter>Weapons</Filter>
    </ClCompile>
    <ClCompile Include="..\..\source\Weapons\WeaponMain.cpp">
      <Filter>Weapons</Filter>
    </ClCompile>
    <ClCompile Include="..\..\source\Modules\Modules.cpp">
      <Filter>Modules</Filter>
    </ClCompile>
  </ItemGroup>
</Project>