<?xml version="1.0" encoding="utf-8"?>
<Project ToolsVersion="4.0" xmlns="http://schemas.microsoft.com/developer/msbuild/2003">
  <ItemGroup>
    <Filter Include="MathLib">
      <UniqueIdentifier>{9c1c7a4e-12cf-4279-8d35-f6f1a2388f53}</UniqueIdentifier>
    </Filter>
    <Filter Include="Templates">
      <UniqueIdentifier>{6225645f-6d0d-491f-948b-2452d97134be}</UniqueIdentifier>
    </Filter>
  </ItemGroup>
  <ItemGroup>
    <ClInclude Include="..\..\shared\MathLib\MathLib.h">
      <Filter>MathLib</Filter>
    </ClInclude>
    <ClInclude Include="..\..\shared\MathLib\Vector.h">
      <Filter>MathLib</Filter>
    </ClInclude>
    <ClInclude Include="..\..\shared\Templates\TArray.h">
      <Filter>Templates</Filter>
    </ClInclude>
    <ClInclude Include="..\..\shared\Templates\TAutoPtr.h">
      <Filter>Templates</Filter>
    </ClInclude>
    <ClInclude Include="..\..\shared\Templates\Templates.h">
      <Filter>Templates</Filter>
    </ClInclude>
    <ClInclude Include="..\..\shared\Templates\TMap.h">
      <Filter>Templates</Filter>
    </ClInclude>
    <ClInclude Include="..\..\shared\Templates\TString.h">
      <Filter>Templates</Filter>
    </ClInclude>
    <ClInclude Include="..\..\shared\Templates\TTypes.h">
      <Filter>Templates</Filter>
    </ClInclude>
  </ItemGroup>
  <ItemGroup>
    <ClCompile Include="..\..\shared\MathLib\Vector.cpp">
      <Filter>MathLib</Filter>
    </ClCompile>
    <ClCompile Include="..\..\shared\Templates\Templates.cpp">
      <Filter>Templates</Filter>
    </ClCompile>
  </ItemGroup>
</Project>